
Microsoft Visual Studio Solution File, Format Version 12.00
# Visual Studio 14
VisualStudioVersion = 14.0.25420.1
MinimumVisualStudioVersion = 10.0.40219.1
Project("{2150E333-8FDC-42A3-9474-1A3956D46DE8}") = "Solution Items", "Solution Items", "{EB97E104-B82C-4823-99B7-19F8491014F9}"
	ProjectSection(SolutionItems) = preProject
		global.json = global.json
		LICENSE.md = LICENSE.md
		README.md = README.md
	EndProjectSection
EndProject
Project("{2150E333-8FDC-42A3-9474-1A3956D46DE8}") = "Tests", "Tests", "{67BC1A36-6DC4-4714-BB79-31560E8C4ECE}"
EndProject
Project("{8BB2217D-0F2D-49D1-97BC-3654ED321F3B}") = "Corset.Core", "Corset.Core\Corset.Core.xproj", "{D4815156-FD3C-471C-83EE-98AE634E2634}"
EndProject
Project("{8BB2217D-0F2D-49D1-97BC-3654ED321F3B}") = "Corset.Web.Owin", "Corset.Web.Owin\Corset.Web.Owin.xproj", "{1C317744-6100-4014-A7B2-8AB34AC1E0B4}"
EndProject
Project("{8BB2217D-0F2D-49D1-97BC-3654ED321F3B}") = "Corset.Web", "Corset.Web\Corset.Web.xproj", "{3E30F99F-9DC5-4D0B-8467-E914259A8196}"
EndProject
Global
	GlobalSection(SolutionConfigurationPlatforms) = preSolution
		Debug|Any CPU = Debug|Any CPU
		Release|Any CPU = Release|Any CPU
	EndGlobalSection
	GlobalSection(ProjectConfigurationPlatforms) = postSolution
		{D4815156-FD3C-471C-83EE-98AE634E2634}.Debug|Any CPU.ActiveCfg = Debug|Any CPU
		{D4815156-FD3C-471C-83EE-98AE634E2634}.Debug|Any CPU.Build.0 = Debug|Any CPU
		{D4815156-FD3C-471C-83EE-98AE634E2634}.Release|Any CPU.ActiveCfg = Release|Any CPU
		{D4815156-FD3C-471C-83EE-98AE634E2634}.Release|Any CPU.Build.0 = Release|Any CPU
		{1C317744-6100-4014-A7B2-8AB34AC1E0B4}.Debug|Any CPU.ActiveCfg = Debug|Any CPU
		{1C317744-6100-4014-A7B2-8AB34AC1E0B4}.Debug|Any CPU.Build.0 = Debug|Any CPU
		{1C317744-6100-4014-A7B2-8AB34AC1E0B4}.Release|Any CPU.ActiveCfg = Release|Any CPU
		{1C317744-6100-4014-A7B2-8AB34AC1E0B4}.Release|Any CPU.Build.0 = Release|Any CPU
		{3E30F99F-9DC5-4D0B-8467-E914259A8196}.Debug|Any CPU.ActiveCfg = Debug|Any CPU
		{3E30F99F-9DC5-4D0B-8467-E914259A8196}.Debug|Any CPU.Build.0 = Debug|Any CPU
		{3E30F99F-9DC5-4D0B-8467-E914259A8196}.Release|Any CPU.ActiveCfg = Release|Any CPU
		{3E30F99F-9DC5-4D0B-8467-E914259A8196}.Release|Any CPU.Build.0 = Release|Any CPU
	EndGlobalSection
	GlobalSection(SolutionProperties) = preSolution
		HideSolutionNode = FALSE
	EndGlobalSection
EndGlobal
